{
  "version": 4,
  "terraform_version": "0.13.7",
  "serial": 1,
  "lineage": "e017cf69-1fa2-1459-dc87-d2486e84bd0d",
  "outputs": {
    "aws_instance_tfer--i-09e0f9e36c04e6115__id": {
      "value": "i-09e0f9e36c04e6115",
      "type": "string"
    },
    "aws_security_group_tfer--terraform-practice-sg_sg-07352efc0ddfdbaac_id": {
      "value": "sg-07352efc0ddfdbaac",
      "type": "string"
    }
  },
  "resources": [
    {
      "mode": "managed",
      "type": "aws_instance",
      "name": "tfer--i-09e0f9e36c04e6115_",
      "provider": "provider[\"registry.terraform.io/-/aws\"]",
      "instances": [
        {
          "schema_version": 1,
          "attributes_flat": {
            "ami": "ami-0de5311b2a443fb89",
            "arn": "arn:aws:ec2:ap-northeast-1:748732166031:instance/i-09e0f9e36c04e6115",
            "associate_public_ip_address": "true",
            "availability_zone": "ap-northeast-1c",
            "capacity_reservation_specification.#": "1",
            "capacity_reservation_specification.0.capacity_reservation_preference": "open",
            "capacity_reservation_specification.0.capacity_reservation_target.#": "0",
            "cpu_core_count": "1",
            "cpu_threads_per_core": "1",
            "credit_specification.#": "1",
            "credit_specification.0.cpu_credits": "standard",
            "disable_api_stop": "false",
            "disable_api_termination": "false",
            "ebs_block_device.#": "0",
            "ebs_optimized": "false",
            "enclave_options.#": "1",
            "enclave_options.0.enabled": "false",
            "ephemeral_block_device.#": "0",
            "get_password_data": "false",
            "hibernation": "false",
            "iam_instance_profile": "",
            "id": "i-09e0f9e36c04e6115",
            "instance_initiated_shutdown_behavior": "stop",
            "instance_state": "running",
            "instance_type": "t2.micro",
            "ipv6_address_count": "0",
            "ipv6_addresses.#": "0",
            "key_name": "terraform-practice",
            "launch_template.#": "0",
            "maintenance_options.#": "1",
            "maintenance_options.0.auto_recovery": "default",
            "metadata_options.#": "1",
            "metadata_options.0.http_endpoint": "enabled",
            "metadata_options.0.http_put_response_hop_limit": "1",
            "metadata_options.0.http_tokens": "optional",
            "metadata_options.0.instance_metadata_tags": "disabled",
            "monitoring": "false",
            "network_interface.#": "0",
            "outpost_arn": "",
            "password_data": "",
            "placement_group": "",
            "primary_network_interface_id": "eni-0c0d53987710e3f1d",
            "private_dns": "ip-172-31-10-32.ap-northeast-1.compute.internal",
            "private_dns_name_options.#": "1",
            "private_dns_name_options.0.enable_resource_name_dns_a_record": "true",
            "private_dns_name_options.0.enable_resource_name_dns_aaaa_record": "false",
            "private_dns_name_options.0.hostname_type": "ip-name",
            "private_ip": "172.31.10.32",
            "public_dns": "ec2-43-206-150-189.ap-northeast-1.compute.amazonaws.com",
            "public_ip": "43.206.150.189",
            "root_block_device.#": "1",
            "root_block_device.0.delete_on_termination": "true",
            "root_block_device.0.device_name": "/dev/xvda",
            "root_block_device.0.encrypted": "false",
            "root_block_device.0.iops": "100",
            "root_block_device.0.kms_key_id": "",
            "root_block_device.0.tags.%": "0",
            "root_block_device.0.throughput": "0",
            "root_block_device.0.volume_id": "vol-033c6b660fa8e9b89",
            "root_block_device.0.volume_size": "8",
            "root_block_device.0.volume_type": "gp2",
            "secondary_private_ips.#": "0",
            "security_groups.#": "1",
            "security_groups.0": "terraform-practice-sg",
            "source_dest_check": "true",
            "subnet_id": "subnet-063057e8cf580c211",
            "tags.%": "1",
            "tags.Environment": "dev",
            "tags_all.%": "1",
            "tags_all.Environment": "dev",
            "tenancy": "default",
            "user_data_base64": "",
            "vpc_security_group_ids.#": "1",
            "vpc_security_group_ids.0": "sg-07352efc0ddfdbaac"
          }
        }
      ]
    },
    {
      "mode": "managed",
      "type": "aws_security_group",
      "name": "tfer--terraform-practice-sg_sg-07352efc0ddfdbaac",
      "provider": "provider[\"registry.terraform.io/-/aws\"]",
      "instances": [
        {
          "schema_version": 1,
          "attributes_flat": {
            "arn": "arn:aws:ec2:ap-northeast-1:748732166031:security-group/sg-07352efc0ddfdbaac",
            "description": "terraform-practice-sg",
            "egress.#": "1",
            "egress.0.cidr_blocks.#": "1",
            "egress.0.cidr_blocks.0": "0.0.0.0/0",
            "egress.0.description": "",
            "egress.0.from_port": "0",
            "egress.0.ipv6_cidr_blocks.#": "0",
            "egress.0.prefix_list_ids.#": "0",
            "egress.0.protocol": "-1",
            "egress.0.security_groups.#": "0",
            "egress.0.self": "false",
            "egress.0.to_port": "0",
            "id": "sg-07352efc0ddfdbaac",
            "ingress.#": "2",
            "ingress.0.cidr_blocks.#": "1",
            "ingress.0.cidr_blocks.0": "0.0.0.0/0",
            "ingress.0.description": "",
            "ingress.0.from_port": "22",
            "ingress.0.ipv6_cidr_blocks.#": "0",
            "ingress.0.prefix_list_ids.#": "0",
            "ingress.0.protocol": "tcp",
            "ingress.0.security_groups.#": "0",
            "ingress.0.self": "false",
            "ingress.0.to_port": "22",
            "ingress.1.cidr_blocks.#": "1",
            "ingress.1.cidr_blocks.0": "0.0.0.0/0",
            "ingress.1.description": "",
            "ingress.1.from_port": "80",
            "ingress.1.ipv6_cidr_blocks.#": "0",
            "ingress.1.prefix_list_ids.#": "0",
            "ingress.1.protocol": "tcp",
            "ingress.1.security_groups.#": "0",
            "ingress.1.self": "false",
            "ingress.1.to_port": "80",
            "name": "terraform-practice-sg",
            "name_prefix": "",
            "owner_id": "748732166031",
            "tags.%": "1",
            "tags.Environment": "dev",
            "tags_all.%": "1",
            "tags_all.Environment": "dev",
            "vpc_id": "vpc-08e88d8ab7869b450"
          }
        }
      ]
    }
  ]
}
